// !$*UTF8*$!
{
	archiveVersion = 1;
	classes = {
	};
	objectVersion = 50;
	objects = {

/* Begin PBXBuildFile section */
		CEBF86DC24ADB8CF005BCDAA /* Assets.xcassets in Resources */ = {isa = PBXBuildFile; fileRef = CEBF86DB24ADB8CF005BCDAA /* Assets.xcassets */; };
		CEBF86DF24ADB8CF005BCDAA /* Main.storyboard in Resources */ = {isa = PBXBuildFile; fileRef = CEBF86DD24ADB8CF005BCDAA /* Main.storyboard */; };
		CEBF86EA24ADBAC0005BCDAA /* main.cpp in Sources */ = {isa = PBXBuildFile; fileRef = CEBF86E924ADBAC0005BCDAA /* main.cpp */; };
		CEBF86ED24ADBB02005BCDAA /* OpenGL.framework in Frameworks */ = {isa = PBXBuildFile; fileRef = CEBF86EC24ADBB02005BCDAA /* OpenGL.framework */; };
		CEBF86EF24ADBB0E005BCDAA /* GLUT.framework in Frameworks */ = {isa = PBXBuildFile; fileRef = CEBF86EE24ADBB0E005BCDAA /* GLUT.framework */; };
		CEBF872524ADC048005BCDAA /* libGLTools.a in Frameworks */ = {isa = PBXBuildFile; fileRef = CEBF872424ADC048005BCDAA /* libGLTools.a */; };
/* End PBXBuildFile section */

/* Begin PBXFileReference section */
		CEBF86D224ADB8CF005BCDAA /* OpenGL.app */ = {isa = PBXFileReference; explicitFileType = wrapper.application; includeInIndex = 0; path = OpenGL.app; sourceTree = BUILT_PRODUCTS_DIR; };
		CEBF86DB24ADB8CF005BCDAA /* Assets.xcassets */ = {isa = PBXFileReference; lastKnownFileType = folder.assetcatalog; path = Assets.xcassets; sourceTree = "<group>"; };
		CEBF86DE24ADB8CF005BCDAA /* Base */ = {isa = PBXFileReference; lastKnownFileType = file.storyboard; name = Base; path = Base.lproj/Main.storyboard; sourceTree = "<group>"; };
		CEBF86E024ADB8CF005BCDAA /* Info.plist */ = {isa = PBXFileReference; lastKnownFileType = text.plist.xml; path = Info.plist; sourceTree = "<group>"; };
		CEBF86E324ADB8CF005BCDAA /* OpenGL.entitlements */ = {isa = PBXFileReference; lastKnownFileType = text.plist.entitlements; path = OpenGL.entitlements; sourceTree = "<group>"; };
		CEBF86E924ADBAC0005BCDAA /* main.cpp */ = {isa = PBXFileReference; lastKnownFileType = sourcecode.cpp.cpp; path = main.cpp; sourceTree = "<group>"; };
		CEBF86EC24ADBB02005BCDAA /* OpenGL.framework */ = {isa = PBXFileReference; lastKnownFileType = wrapper.framework; name = OpenGL.framework; path = System/Library/Frameworks/OpenGL.framework; sourceTree = SDKROOT; };
		CEBF86EE24ADBB0E005BCDAA /* GLUT.framework */ = {isa = PBXFileReference; lastKnownFileType = wrapper.framework; name = GLUT.framework; path = System/Library/Frameworks/GLUT.framework; sourceTree = SDKROOT; };
		CEBF871524ADC042005BCDAA /* GLBatchBase.h */ = {isa = PBXFileReference; fileEncoding = 4; lastKnownFileType = sourcecode.c.h; path = GLBatchBase.h; sourceTree = "<group>"; };
		CEBF871624ADC042005BCDAA /* math3d.h */ = {isa = PBXFileReference; fileEncoding = 4; lastKnownFileType = sourcecode.c.h; path = math3d.h; sourceTree = "<group>"; };
		CEBF871724ADC042005BCDAA /* GLTriangleBatch.h */ = {isa = PBXFileReference; fileEncoding = 4; lastKnownFileType = sourcecode.c.h; path = GLTriangleBatch.h; sourceTree = "<group>"; };
		CEBF871824ADC042005BCDAA /* GLBatch.h */ = {isa = PBXFileReference; fileEncoding = 4; lastKnownFileType = sourcecode.c.h; path = GLBatch.h; sourceTree = "<group>"; };
		CEBF871924ADC042005BCDAA /* GLMatrixStack.h */ = {isa = PBXFileReference; fileEncoding = 4; lastKnownFileType = sourcecode.c.h; path = GLMatrixStack.h; sourceTree = "<group>"; };
		CEBF871A24ADC042005BCDAA /* GLFrame.h */ = {isa = PBXFileReference; fileEncoding = 4; lastKnownFileType = sourcecode.c.h; path = GLFrame.h; sourceTree = "<group>"; };
		CEBF871B24ADC042005BCDAA /* GLFrustum.h */ = {isa = PBXFileReference; fileEncoding = 4; lastKnownFileType = sourcecode.c.h; path = GLFrustum.h; sourceTree = "<group>"; };
		CEBF871C24ADC042005BCDAA /* GLGeometryTransform.h */ = {isa = PBXFileReference; fileEncoding = 4; lastKnownFileType = sourcecode.c.h; path = GLGeometryTransform.h; sourceTree = "<group>"; };
		CEBF871D24ADC042005BCDAA /* GLShaderManager.h */ = {isa = PBXFileReference; fileEncoding = 4; lastKnownFileType = sourcecode.c.h; path = GLShaderManager.h; sourceTree = "<group>"; };
		CEBF871E24ADC042005BCDAA /* StopWatch.h */ = {isa = PBXFileReference; fileEncoding = 4; lastKnownFileType = sourcecode.c.h; path = StopWatch.h; sourceTree = "<group>"; };
		CEBF872024ADC042005BCDAA /* glxew.h */ = {isa = PBXFileReference; fileEncoding = 4; lastKnownFileType = sourcecode.c.h; path = glxew.h; sourceTree = "<group>"; };
		CEBF872124ADC042005BCDAA /* wglew.h */ = {isa = PBXFileReference; fileEncoding = 4; lastKnownFileType = sourcecode.c.h; path = wglew.h; sourceTree = "<group>"; };
		CEBF872224ADC042005BCDAA /* glew.h */ = {isa = PBXFileReference; fileEncoding = 4; lastKnownFileType = sourcecode.c.h; path = glew.h; sourceTree = "<group>"; };
		CEBF872324ADC042005BCDAA /* GLTools.h */ = {isa = PBXFileReference; fileEncoding = 4; lastKnownFileType = sourcecode.c.h; path = GLTools.h; sourceTree = "<group>"; };
		CEBF872424ADC048005BCDAA /* libGLTools.a */ = {isa = PBXFileReference; lastKnownFileType = archive.ar; path = libGLTools.a; sourceTree = "<group>"; };
/* End PBXFileReference section */

/* Begin PBXFrameworksBuildPhase section */
		CEBF86CF24ADB8CF005BCDAA /* Frameworks */ = {
			isa = PBXFrameworksBuildPhase;
			buildActionMask = 2147483647;
			files = (
				CEBF872524ADC048005BCDAA /* libGLTools.a in Frameworks */,
				CEBF86EF24ADBB0E005BCDAA /* GLUT.framework in Frameworks */,
				CEBF86ED24ADBB02005BCDAA /* OpenGL.framework in Frameworks */,
			);
			runOnlyForDeploymentPostprocessing = 0;
		};
/* End PBXFrameworksBuildPhase section */

/* Begin PBXGroup section */
		CEBF86C924ADB8CF005BCDAA = {
			isa = PBXGroup;
			children = (
				CEBF86D424ADB8CF005BCDAA /* OpenGL */,
				CEBF86D324ADB8CF005BCDAA /* Products */,
				CEBF86EB24ADBB02005BCDAA /* Frameworks */,
			);
			sourceTree = "<group>";
		};
		CEBF86D324ADB8CF005BCDAA /* Products */ = {
			isa = PBXGroup;
			children = (
				CEBF86D224ADB8CF005BCDAA /* OpenGL.app */,
			);
			name = Products;
			sourceTree = "<group>";
		};
		CEBF86D424ADB8CF005BCDAA /* OpenGL */ = {
			isa = PBXGroup;
			children = (
				CEBF871424ADC042005BCDAA /* include */,
				CEBF86E924ADBAC0005BCDAA /* main.cpp */,
				CEBF872424ADC048005BCDAA /* libGLTools.a */,
				CEBF86DB24ADB8CF005BCDAA /* Assets.xcassets */,
				CEBF86DD24ADB8CF005BCDAA /* Main.storyboard */,
				CEBF86E024ADB8CF005BCDAA /* Info.plist */,
				CEBF86E324ADB8CF005BCDAA /* OpenGL.entitlements */,
			);
			path = OpenGL;
			sourceTree = "<group>";
		};
		CEBF86EB24ADBB02005BCDAA /* Frameworks */ = {
			isa = PBXGroup;
			children = (
				CEBF86EE24ADBB0E005BCDAA /* GLUT.framework */,
				CEBF86EC24ADBB02005BCDAA /* OpenGL.framework */,
			);
			name = Frameworks;
			sourceTree = "<group>";
		};
		CEBF871424ADC042005BCDAA /* include */ = {
			isa = PBXGroup;
			children = (
				CEBF871524ADC042005BCDAA /* GLBatchBase.h */,
				CEBF871624ADC042005BCDAA /* math3d.h */,
				CEBF871724ADC042005BCDAA /* GLTriangleBatch.h */,
				CEBF871824ADC042005BCDAA /* GLBatch.h */,
				CEBF871924ADC042005BCDAA /* GLMatrixStack.h */,
				CEBF871A24ADC042005BCDAA /* GLFrame.h */,
				CEBF871B24ADC042005BCDAA /* GLFrustum.h */,
				CEBF871C24ADC042005BCDAA /* GLGeometryTransform.h */,
				CEBF871D24ADC042005BCDAA /* GLShaderManager.h */,
				CEBF871E24ADC042005BCDAA /* StopWatch.h */,
				CEBF871F24ADC042005BCDAA /* GL */,
				CEBF872324ADC042005BCDAA /* GLTools.h */,
			);
			path = include;
			sourceTree = "<group>";
		};
		CEBF871F24ADC042005BCDAA /* GL */ = {
			isa = PBXGroup;
			children = (
				CEBF872024ADC042005BCDAA /* glxew.h */,
				CEBF872124ADC042005BCDAA /* wglew.h */,
				CEBF872224ADC042005BCDAA /* glew.h */,
			);
			path = GL;
			sourceTree = "<group>";
		};
/* End PBXGroup section */

/* Begin PBXNativeTarget section */
		CEBF86D124ADB8CF005BCDAA /* OpenGL */ = {
			isa = PBXNativeTarget;
			buildConfigurationList = CEBF86E624ADB8CF005BCDAA /* Build configuration list for PBXNativeTarget "OpenGL" */;
			buildPhases = (
				CEBF86CE24ADB8CF005BCDAA /* Sources */,
				CEBF86CF24ADB8CF005BCDAA /* Frameworks */,
				CEBF86D024ADB8CF005BCDAA /* Resources */,
			);
			buildRules = (
			);
			dependencies = (
			);
			name = OpenGL;
			productName = OpenGL;
			productReference = CEBF86D224ADB8CF005BCDAA /* OpenGL.app */;
			productType = "com.apple.product-type.application";
		};
/* End PBXNativeTarget section */

/* Begin PBXProject section */
		CEBF86CA24ADB8CF005BCDAA /* Project object */ = {
			isa = PBXProject;
			attributes = {
				LastUpgradeCheck = 1150;
				ORGANIZATIONNAME = Binance;
				TargetAttributes = {
					CEBF86D124ADB8CF005BCDAA = {
						CreatedOnToolsVersion = 11.5;
					};
				};
			};
			buildConfigurationList = CEBF86CD24ADB8CF005BCDAA /* Build configuration list for PBXProject "OpenGL" */;
			compatibilityVersion = "Xcode 9.3";
			developmentRegion = en;
			hasScannedForEncodings = 0;
			knownRegions = (
				en,
				Base,
			);
			mainGroup = CEBF86C924ADB8CF005BCDAA;
			productRefGroup = CEBF86D324ADB8CF005BCDAA /* Products */;
			projectDirPath = "";
			projectRoot = "";
			targets = (
				CEBF86D124ADB8CF005BCDAA /* OpenGL */,
			);
		};
/* End PBXProject section */

/* Begin PBXResourcesBuildPhase section */
		CEBF86D024ADB8CF005BCDAA /* Resources */ = {
			isa = PBXResourcesBuildPhase;
			buildActionMask = 2147483647;
			files = (
				CEBF86DC24ADB8CF005BCDAA /* Assets.xcassets in Resources */,
				CEBF86DF24ADB8CF005BCDAA /* Main.storyboard in Resources */,
			);
			runOnlyForDeploymentPostprocessing = 0;
		};
/* End PBXResourcesBuildPhase section */

/* Begin PBXSourcesBuildPhase section */
		CEBF86CE24ADB8CF005BCDAA /* Sources */ = {
			isa = PBXSourcesBuildPhase;
			buildActionMask = 2147483647;
			files = (
				CEBF86EA24ADBAC0005BCDAA /* main.cpp in Sources */,
			);
			runOnlyForDeploymentPostprocessing = 0;
		};
/* End PBXSourcesBuildPhase section */

/* Begin PBXVariantGroup section */
		CEBF86DD24ADB8CF005BCDAA /* Main.storyboard */ = {
			isa = PBXVariantGroup;
			children = (
				CEBF86DE24ADB8CF005BCDAA /* Base */,
			);
			name = Main.storyboard;
			sourceTree = "<group>";
		};
/* End PBXVariantGroup section */

/* Begin XCBuildConfiguration section */
		CEBF86E424ADB8CF005BCDAA /* Debug */ = {
			isa = XCBuildConfiguration;
			buildSettings = {
				ALWAYS_SEARCH_USER_PATHS = NO;
				CLANG_ANALYZER_NONNULL = YES;
				CLANG_ANALYZER_NUMBER_OBJECT_CONVERSION = YES_AGGRESSIVE;
				CLANG_CXX_LANGUAGE_STANDARD = "gnu++14";
				CLANG_CXX_LIBRARY = "libc++";
				CLANG_ENABLE_MODULES = YES;
				CLANG_ENABLE_OBJC_ARC = YES;
				CLANG_ENABLE_OBJC_WEAK = YES;
				CLANG_WARN_BLOCK_CAPTURE_AUTORELEASING = YES;
				CLANG_WARN_BOOL_CONVERSION = YES;
				CLANG_WARN_COMMA = YES;
				CLANG_WARN_CONSTANT_CONVERSION = YES;
				CLANG_WARN_DEPRECATED_OBJC_IMPLEMENTATIONS = YES;
				CLANG_WARN_DIRECT_OBJC_ISA_USAGE = YES_ERROR;
				CLANG_WARN_DOCUMENTATION_COMMENTS = YES;
				CLANG_WARN_EMPTY_BODY = YES;
				CLANG_WARN_ENUM_CONVERSION = YES;
				CLANG_WARN_INFINITE_RECURSION = YES;
				CLANG_WARN_INT_CONVERSION = YES;
				CLANG_WARN_NON_LITERAL_NULL_CONVERSION = YES;
				CLANG_WARN_OBJC_IMPLICIT_RETAIN_SELF = YES;
				CLANG_WARN_OBJC_LITERAL_CONVERSION = YES;
				CLANG_WARN_OBJC_ROOT_CLASS = YES_ERROR;
				CLANG_WARN_RANGE_LOOP_ANALYSIS = YES;
				CLANG_WARN_STRICT_PROTOTYPES = YES;
				CLANG_WARN_SUSPICIOUS_MOVE = YES;
				CLANG_WARN_UNGUARDED_AVAILABILITY = YES_AGGRESSIVE;
				CLANG_WARN_UNREACHABLE_CODE = YES;
				CLANG_WARN__DUPLICATE_METHOD_MATCH = YES;
				COPY_PHASE_STRIP = NO;
				DEBUG_INFORMATION_FORMAT = dwarf;
				ENABLE_STRICT_OBJC_MSGSEND = YES;
				ENABLE_TESTABILITY = YES;
				GCC_C_LANGUAGE_STANDARD = gnu11;
				GCC_DYNAMIC_NO_PIC = NO;
				GCC_NO_COMMON_BLOCKS = YES;
				GCC_OPTIMIZATION_LEVEL = 0;
				GCC_PREPROCESSOR_DEFINITIONS = (
					"DEBUG=1",
					"$(inherited)",
				);
				GCC_WARN_64_TO_32_BIT_CONVERSION = YES;
				GCC_WARN_ABOUT_RETURN_TYPE = YES_ERROR;
				GCC_WARN_UNDECLARED_SELECTOR = YES;
				GCC_WARN_UNINITIALIZED_AUTOS = YES_AGGRESSIVE;
				GCC_WARN_UNUSED_FUNCTION = YES;
				GCC_WARN_UNUSED_VARIABLE = YES;
				MACOSX_DEPLOYMENT_TARGET = 10.15;
				MTL_ENABLE_DEBUG_INFO = INCLUDE_SOURCE;
				MTL_FAST_MATH = YES;
				ONLY_ACTIVE_ARCH = YES;
				SDKROOT = macosx;
			};
			name = Debug;
		};
		CEBF86E524ADB8CF005BCDAA /* Release */ = {
			isa = XCBuildConfiguration;
			buildSettings = {
				ALWAYS_SEARCH_USER_PATHS = NO;
				CLANG_ANALYZER_NONNULL = YES;
				CLANG_ANALYZER_NUMBER_OBJECT_CONVERSION = YES_AGGRESSIVE;
				CLANG_CXX_LANGUAGE_STANDARD = "gnu++14";
				CLANG_CXX_LIBRARY = "libc++";
				CLANG_ENABLE_MODULES = YES;
				CLANG_ENABLE_OBJC_ARC = YES;
				CLANG_ENABLE_OBJC_WEAK = YES;
				CLANG_WARN_BLOCK_CAPTURE_AUTORELEASING = YES;
				CLANG_WARN_BOOL_CONVERSION = YES;
				CLANG_WARN_COMMA = YES;
				CLANG_WARN_CONSTANT_CONVERSION = YES;
				CLANG_WARN_DEPRECATED_OBJC_IMPLEMENTATIONS = YES;
				CLANG_WARN_DIRECT_OBJC_ISA_USAGE = YES_ERROR;
				CLANG_WARN_DOCUMENTATION_COMMENTS = YES;
				CLANG_WARN_EMPTY_BODY = YES;
				CLANG_WARN_ENUM_CONVERSION = YES;
				CLANG_WARN_INFINITE_RECURSION = YES;
				CLANG_WARN_INT_CONVERSION = YES;
				CLANG_WARN_NON_LITERAL_NULL_CONVERSION = YES;
				CLANG_WARN_OBJC_IMPLICIT_RETAIN_SELF = YES;
				CLANG_WARN_OBJC_LITERAL_CONVERSION = YES;
				CLANG_WARN_OBJC_ROOT_CLASS = YES_ERROR;
				CLANG_WARN_RANGE_LOOP_ANALYSIS = YES;
				CLANG_WARN_STRICT_PROTOTYPES = YES;
				CLANG_WARN_SUSPICIOUS_MOVE = YES;
				CLANG_WARN_UNGUARDED_AVAILABILITY = YES_AGGRESSIVE;
				CLANG_WARN_UNREACHABLE_CODE = YES;
				CLANG_WARN__DUPLICATE_METHOD_MATCH = YES;
				COPY_PHASE_STRIP = NO;
				DEBUG_INFORMATION_FORMAT = "dwarf-with-dsym";
				ENABLE_NS_ASSERTIONS = NO;
				ENABLE_STRICT_OBJC_MSGSEND = YES;
				GCC_C_LANGUAGE_STANDARD = gnu11;
				GCC_NO_COMMON_BLOCKS = YES;
				GCC_WARN_64_TO_32_BIT_CONVERSION = YES;
				GCC_WARN_ABOUT_RETURN_TYPE = YES_ERROR;
				GCC_WARN_UNDECLARED_SELECTOR = YES;
				GCC_WARN_UNINITIALIZED_AUTOS = YES_AGGRESSIVE;
				GCC_WARN_UNUSED_FUNCTION = YES;
				GCC_WARN_UNUSED_VARIABLE = YES;
				MACOSX_DEPLOYMENT_TARGET = 10.15;
				MTL_ENABLE_DEBUG_INFO = NO;
				MTL_FAST_MATH = YES;
				SDKROOT = macosx;
			};
			name = Release;
		};
		CEBF86E724ADB8CF005BCDAA /* Debug */ = {
			isa = XCBuildConfiguration;
			buildSettings = {
				ASSETCATALOG_COMPILER_APPICON_NAME = AppIcon;
				CODE_SIGN_ENTITLEMENTS = OpenGL/OpenGL.entitlements;
				CODE_SIGN_STYLE = Automatic;
				COMBINE_HIDPI_IMAGES = YES;
				DEVELOPMENT_TEAM = 89H83DPVB8;
				ENABLE_HARDENED_RUNTIME = YES;
				HEADER_SEARCH_PATHS = "\"$(SRCROOT)/../Lib/include\"";
				INFOPLIST_FILE = OpenGL/Info.plist;
				LD_RUNPATH_SEARCH_PATHS = (
					"$(inherited)",
					"@executable_path/../Frameworks",
				);
				LIBRARY_SEARCH_PATHS = (
					"$(inherited)",
					"$(PROJECT_DIR)/OpenGL",
				);
				PRODUCT_BUNDLE_IDENTIFIER = com.binance.www.OpenGL;
				PRODUCT_NAME = "$(TARGET_NAME)";
			};
			name = Debug;
		};
		CEBF86E824ADB8CF005BCDAA /* Release */ = {
			isa = XCBuildConfiguration;
			buildSettings = {
				ASSETCATALOG_COMPILER_APPICON_NAME = AppIcon;
				CODE_SIGN_ENTITLEMENTS = OpenGL/OpenGL.entitlements;
				CODE_SIGN_STYLE = Automatic;
				COMBINE_HIDPI_IMAGES = YES;
				DEVELOPMENT_TEAM = 89H83DPVB8;
				ENABLE_HARDENED_RUNTIME = YES;
				HEADER_SEARCH_PATHS = "\"$(SRCROOT)/../Lib/include\"";
				INFOPLIST_FILE = OpenGL/Info.plist;
				LD_RUNPATH_SEARCH_PATHS = (
					"$(inherited)",
					"@executable_path/../Frameworks",
				);
				LIBRARY_SEARCH_PATHS = (
					"$(inherited)",
					"$(PROJECT_DIR)/OpenGL",
				);
				PRODUCT_BUNDLE_IDENTIFIER = com.binance.www.OpenGL;
				PRODUCT_NAME = "$(TARGET_NAME)";
			};
			name = Release;
		};
/* End XCBuildConfiguration section */

/* Begin XCConfigurationList section */
		CEBF86CD24ADB8CF005BCDAA /* Build configuration list for PBXProject "OpenGL" */ = {
			isa = XCConfigurationList;
			buildConfigurations = (
				CEBF86E424ADB8CF005BCDAA /* Debug */,
				CEBF86E524ADB8CF005BCDAA /* Release */,
			);
			defaultConfigurationIsVisible = 0;
			defaultConfigurationName = Release;
		};
		CEBF86E624ADB8CF005BCDAA /* Build configuration list for PBXNativeTarget "OpenGL" */ = {
			isa = XCConfigurationList;
			buildConfigurations = (
				CEBF86E724ADB8CF005BCDAA /* Debug */,
				CEBF86E824ADB8CF005BCDAA /* Release */,
			);
			defaultConfigurationIsVisible = 0;
			defaultConfigurationName = Release;
		};
/* End XCConfigurationList section */
	};
	rootObject = CEBF86CA24ADB8CF005BCDAA /* Project object */;
}
